
Microsoft Visual Studio Solution File, Format Version 12.00
# Visual Studio 15
VisualStudioVersion = 15.0.27703.2042
MinimumVisualStudioVersion = 10.0.40219.1
Project("{FAE04EC0-301F-11D3-BF4B-00C04F79EFBC}") = "Delegates", "Delegates\Delegates.csproj", "{77744325-13AE-4981-B7B6-38320FC78AB8}"
EndProject
Project("{FAE04EC0-301F-11D3-BF4B-00C04F79EFBC}") = "HeavyLiftParty", "ClassLibrary1\HeavyLiftParty.csproj", "{832C95FA-F9AF-4ECD-BCBE-787879D373E5}"
EndProject
Global
	GlobalSection(SolutionConfigurationPlatforms) = preSolution
		Debug|Any CPU = Debug|Any CPU
		Release|Any CPU = Release|Any CPU
	EndGlobalSection
	GlobalSection(ProjectConfigurationPlatforms) = postSolution
		{77744325-13AE-4981-B7B6-38320FC78AB8}.Debug|Any CPU.ActiveCfg = Debug|Any CPU
		{77744325-13AE-4981-B7B6-38320FC78AB8}.Debug|Any CPU.Build.0 = Debug|Any CPU
		{77744325-13AE-4981-B7B6-38320FC78AB8}.Release|Any CPU.ActiveCfg = Release|Any CPU
		{77744325-13AE-4981-B7B6-38320FC78AB8}.Release|Any CPU.Build.0 = Release|Any CPU
		{832C95FA-F9AF-4ECD-BCBE-787879D373E5}.Debug|Any CPU.ActiveCfg = Debug|Any CPU
		{832C95FA-F9AF-4ECD-BCBE-787879D373E5}.Debug|Any CPU.Build.0 = Debug|Any CPU
		{832C95FA-F9AF-4ECD-BCBE-787879D373E5}.Release|Any CPU.ActiveCfg = Release|Any CPU
		{832C95FA-F9AF-4ECD-BCBE-787879D373E5}.Release|Any CPU.Build.0 = Release|Any CPU
	EndGlobalSection
	GlobalSection(SolutionProperties) = preSolution
		HideSolutionNode = FALSE
	EndGlobalSection
	GlobalSection(ExtensibilityGlobals) = postSolution
		SolutionGuid = {C50FABCE-5995-4D99-9B88-4A2CDD106ACB}
	EndGlobalSection
EndGlobal
